// !$*UTF8*$!
{
	archiveVersion = 1;
	classes = {
	};
	objectVersion = 50;
	objects = {

/* Begin PBXBuildFile section */
		FB29704424A1EA3500557E26 /* harrypotter.png in Resources */ = {isa = PBXBuildFile; fileRef = FB29704324A1EA3500557E26 /* harrypotter.png */; };
		FB29704624A1EBA800557E26 /* harrypotter.mp4 in Resources */ = {isa = PBXBuildFile; fileRef = FB29704524A1EBA800557E26 /* harrypotter.mp4 */; };
		FB6A50A424A1DF49002CC782 /* AppDelegate.swift in Sources */ = {isa = PBXBuildFile; fileRef = FB6A50A324A1DF49002CC782 /* AppDelegate.swift */; };
		FB6A50A624A1DF49002CC782 /* art.scnassets in Resources */ = {isa = PBXBuildFile; fileRef = FB6A50A524A1DF49002CC782 /* art.scnassets */; };
		FB6A50A824A1DF49002CC782 /* ViewController.swift in Sources */ = {isa = PBXBuildFile; fileRef = FB6A50A724A1DF49002CC782 /* ViewController.swift */; };
		FB6A50AB24A1DF49002CC782 /* Main.storyboard in Resources */ = {isa = PBXBuildFile; fileRef = FB6A50A924A1DF49002CC782 /* Main.storyboard */; };
		FB6A50AD24A1DF4B002CC782 /* Assets.xcassets in Resources */ = {isa = PBXBuildFile; fileRef = FB6A50AC24A1DF4B002CC782 /* Assets.xcassets */; };
		FB6A50B024A1DF4B002CC782 /* LaunchScreen.storyboard in Resources */ = {isa = PBXBuildFile; fileRef = FB6A50AE24A1DF4B002CC782 /* LaunchScreen.storyboard */; };
		FBD44E4E24D6CAB300741C6C /* harrypotter.png in Resources */ = {isa = PBXBuildFile; fileRef = FBD44E4D24D6CAB300741C6C /* harrypotter.png */; };
/* End PBXBuildFile section */

/* Begin PBXFileReference section */
		FB29704324A1EA3500557E26 /* harrypotter.png */ = {isa = PBXFileReference; lastKnownFileType = image.png; path = harrypotter.png; sourceTree = "<group>"; };
		FB29704524A1EBA800557E26 /* harrypotter.mp4 */ = {isa = PBXFileReference; lastKnownFileType = file; path = harrypotter.mp4; sourceTree = "<group>"; };
		FB6A50A024A1DF49002CC782 /* Newspaper.app */ = {isa = PBXFileReference; explicitFileType = wrapper.application; includeInIndex = 0; path = Newspaper.app; sourceTree = BUILT_PRODUCTS_DIR; };
		FB6A50A324A1DF49002CC782 /* AppDelegate.swift */ = {isa = PBXFileReference; lastKnownFileType = sourcecode.swift; path = AppDelegate.swift; sourceTree = "<group>"; };
		FB6A50A524A1DF49002CC782 /* art.scnassets */ = {isa = PBXFileReference; lastKnownFileType = wrapper.scnassets; path = art.scnassets; sourceTree = "<group>"; };
		FB6A50A724A1DF49002CC782 /* ViewController.swift */ = {isa = PBXFileReference; lastKnownFileType = sourcecode.swift; path = ViewController.swift; sourceTree = "<group>"; };
		FB6A50AA24A1DF49002CC782 /* Base */ = {isa = PBXFileReference; lastKnownFileType = file.storyboard; name = Base; path = Base.lproj/Main.storyboard; sourceTree = "<group>"; };
		FB6A50AC24A1DF4B002CC782 /* Assets.xcassets */ = {isa = PBXFileReference; lastKnownFileType = folder.assetcatalog; path = Assets.xcassets; sourceTree = "<group>"; };
		FB6A50AF24A1DF4B002CC782 /* Base */ = {isa = PBXFileReference; lastKnownFileType = file.storyboard; name = Base; path = Base.lproj/LaunchScreen.storyboard; sourceTree = "<group>"; };
		FB6A50B124A1DF4B002CC782 /* Info.plist */ = {isa = PBXFileReference; lastKnownFileType = text.plist.xml; path = Info.plist; sourceTree = "<group>"; };
		FBD44E4D24D6CAB300741C6C /* harrypotter.png */ = {isa = PBXFileReference; lastKnownFileType = image.png; path = harrypotter.png; sourceTree = SOURCE_ROOT; };
/* End PBXFileReference section */

/* Begin PBXFrameworksBuildPhase section */
		FB6A509D24A1DF49002CC782 /* Frameworks */ = {
			isa = PBXFrameworksBuildPhase;
			buildActionMask = 2147483647;
			files = (
			);
			runOnlyForDeploymentPostprocessing = 0;
		};
/* End PBXFrameworksBuildPhase section */

/* Begin PBXGroup section */
		FB6A509724A1DF49002CC782 = {
			isa = PBXGroup;
			children = (
				FB6A50A224A1DF49002CC782 /* Newspaper */,
				FB6A50A124A1DF49002CC782 /* Products */,
			);
			sourceTree = "<group>";
		};
		FB6A50A124A1DF49002CC782 /* Products */ = {
			isa = PBXGroup;
			children = (
				FB6A50A024A1DF49002CC782 /* Newspaper.app */,
			);
			name = Products;
			sourceTree = "<group>";
		};
		FB6A50A224A1DF49002CC782 /* Newspaper */ = {
			isa = PBXGroup;
			children = (
				FB29704524A1EBA800557E26 /* harrypotter.mp4 */,
				FB29704324A1EA3500557E26 /* harrypotter.png */,
				FBD44E4D24D6CAB300741C6C /* harrypotter.png */,
				FB6A50A324A1DF49002CC782 /* AppDelegate.swift */,
				FB6A50A524A1DF49002CC782 /* art.scnassets */,
				FB6A50A724A1DF49002CC782 /* ViewController.swift */,
				FB6A50A924A1DF49002CC782 /* Main.storyboard */,
				FB6A50AC24A1DF4B002CC782 /* Assets.xcassets */,
				FB6A50AE24A1DF4B002CC782 /* LaunchScreen.storyboard */,
				FB6A50B124A1DF4B002CC782 /* Info.plist */,
			);
			path = Newspaper;
			sourceTree = "<group>";
		};
/* End PBXGroup section */

/* Begin PBXNativeTarget section */
		FB6A509F24A1DF49002CC782 /* Newspaper */ = {
			isa = PBXNativeTarget;
			buildConfigurationList = FB6A50B424A1DF4B002CC782 /* Build configuration list for PBXNativeTarget "Newspaper" */;
			buildPhases = (
				FB6A509C24A1DF49002CC782 /* Sources */,
				FB6A509D24A1DF49002CC782 /* Frameworks */,
				FB6A509E24A1DF49002CC782 /* Resources */,
			);
			buildRules = (
			);
			dependencies = (
			);
			name = Newspaper;
			productName = Newspaper;
			productReference = FB6A50A024A1DF49002CC782 /* Newspaper.app */;
			productType = "com.apple.product-type.application";
		};
/* End PBXNativeTarget section */

/* Begin PBXProject section */
		FB6A509824A1DF49002CC782 /* Project object */ = {
			isa = PBXProject;
			attributes = {
				LastSwiftUpdateCheck = 1130;
				LastUpgradeCheck = 1130;
				ORGANIZATIONNAME = "Shubham Kulthe";
				TargetAttributes = {
					FB6A509F24A1DF49002CC782 = {
						CreatedOnToolsVersion = 11.3;
					};
				};
			};
			buildConfigurationList = FB6A509B24A1DF49002CC782 /* Build configuration list for PBXProject "Newspaper" */;
			compatibilityVersion = "Xcode 9.3";
			developmentRegion = en;
			hasScannedForEncodings = 0;
			knownRegions = (
				en,
				Base,
			);
			mainGroup = FB6A509724A1DF49002CC782;
			productRefGroup = FB6A50A124A1DF49002CC782 /* Products */;
			projectDirPath = "";
			projectRoot = "";
			targets = (
				FB6A509F24A1DF49002CC782 /* Newspaper */,
			);
		};
/* End PBXProject section */

/* Begin PBXResourcesBuildPhase section */
		FB6A509E24A1DF49002CC782 /* Resources */ = {
			isa = PBXResourcesBuildPhase;
			buildActionMask = 2147483647;
			files = (
				FBD44E4E24D6CAB300741C6C /* harrypotter.png in Resources */,
				FB6A50A624A1DF49002CC782 /* art.scnassets in Resources */,
				FB6A50B024A1DF4B002CC782 /* LaunchScreen.storyboard in Resources */,
				FB29704624A1EBA800557E26 /* harrypotter.mp4 in Resources */,
				FB6A50AD24A1DF4B002CC782 /* Assets.xcassets in Resources */,
				FB29704424A1EA3500557E26 /* harrypotter.png in Resources */,
				FB6A50AB24A1DF49002CC782 /* Main.storyboard in Resources */,
			);
			runOnlyForDeploymentPostprocessing = 0;
		};
/* End PBXResourcesBuildPhase section */

/* Begin PBXSourcesBuildPhase section */
		FB6A509C24A1DF49002CC782 /* Sources */ = {
			isa = PBXSourcesBuildPhase;
			buildActionMask = 2147483647;
			files = (
				FB6A50A824A1DF49002CC782 /* ViewController.swift in Sources */,
				FB6A50A424A1DF49002CC782 /* AppDelegate.swift in Sources */,
			);
			runOnlyForDeploymentPostprocessing = 0;
		};
/* End PBXSourcesBuildPhase section */

/* Begin PBXVariantGroup section */
		FB6A50A924A1DF49002CC782 /* Main.storyboard */ = {
			isa = PBXVariantGroup;
			children = (
				FB6A50AA24A1DF49002CC782 /* Base */,
			);
			name = Main.storyboard;
			sourceTree = "<group>";
		};
		FB6A50AE24A1DF4B002CC782 /* LaunchScreen.storyboard */ = {
			isa = PBXVariantGroup;
			children = (
				FB6A50AF24A1DF4B002CC782 /* Base */,
			);
			name = LaunchScreen.storyboard;
			sourceTree = "<group>";
		};
/* End PBXVariantGroup section */

/* Begin XCBuildConfiguration section */
		FB6A50B224A1DF4B002CC782 /* Debug */ = {
			isa = XCBuildConfiguration;
			buildSettings = {
				ALWAYS_SEARCH_USER_PATHS = NO;
				CLANG_ANALYZER_NONNULL = YES;
				CLANG_ANALYZER_NUMBER_OBJECT_CONVERSION = YES_AGGRESSIVE;
				CLANG_CXX_LANGUAGE_STANDARD = "gnu++14";
				CLANG_CXX_LIBRARY = "libc++";
				CLANG_ENABLE_MODULES = YES;
				CLANG_ENABLE_OBJC_ARC = YES;
				CLANG_ENABLE_OBJC_WEAK = YES;
				CLANG_WARN_BLOCK_CAPTURE_AUTORELEASING = YES;
				CLANG_WARN_BOOL_CONVERSION = YES;
				CLANG_WARN_COMMA = YES;
				CLANG_WARN_CONSTANT_CONVERSION = YES;
				CLANG_WARN_DEPRECATED_OBJC_IMPLEMENTATIONS = YES;
				CLANG_WARN_DIRECT_OBJC_ISA_USAGE = YES_ERROR;
				CLANG_WARN_DOCUMENTATION_COMMENTS = YES;
				CLANG_WARN_EMPTY_BODY = YES;
				CLANG_WARN_ENUM_CONVERSION = YES;
				CLANG_WARN_INFINITE_RECURSION = YES;
				CLANG_WARN_INT_CONVERSION = YES;
				CLANG_WARN_NON_LITERAL_NULL_CONVERSION = YES;
				CLANG_WARN_OBJC_IMPLICIT_RETAIN_SELF = YES;
				CLANG_WARN_OBJC_LITERAL_CONVERSION = YES;
				CLANG_WARN_OBJC_ROOT_CLASS = YES_ERROR;
				CLANG_WARN_RANGE_LOOP_ANALYSIS = YES;
				CLANG_WARN_STRICT_PROTOTYPES = YES;
				CLANG_WARN_SUSPICIOUS_MOVE = YES;
				CLANG_WARN_UNGUARDED_AVAILABILITY = YES_AGGRESSIVE;
				CLANG_WARN_UNREACHABLE_CODE = YES;
				CLANG_WARN__DUPLICATE_METHOD_MATCH = YES;
				COPY_PHASE_STRIP = NO;
				DEBUG_INFORMATION_FORMAT = dwarf;
				ENABLE_STRICT_OBJC_MSGSEND = YES;
				ENABLE_TESTABILITY = YES;
				GCC_C_LANGUAGE_STANDARD = gnu11;
				GCC_DYNAMIC_NO_PIC = NO;
				GCC_NO_COMMON_BLOCKS = YES;
				GCC_OPTIMIZATION_LEVEL = 0;
				GCC_PREPROCESSOR_DEFINITIONS = (
					"DEBUG=1",
					"$(inherited)",
				);
				GCC_WARN_64_TO_32_BIT_CONVERSION = YES;
				GCC_WARN_ABOUT_RETURN_TYPE = YES_ERROR;
				GCC_WARN_UNDECLARED_SELECTOR = YES;
				GCC_WARN_UNINITIALIZED_AUTOS = YES_AGGRESSIVE;
				GCC_WARN_UNUSED_FUNCTION = YES;
				GCC_WARN_UNUSED_VARIABLE = YES;
				IPHONEOS_DEPLOYMENT_TARGET = 13.2;
				MTL_ENABLE_DEBUG_INFO = INCLUDE_SOURCE;
				MTL_FAST_MATH = YES;
				ONLY_ACTIVE_ARCH = YES;
				SDKROOT = iphoneos;
				SWIFT_ACTIVE_COMPILATION_CONDITIONS = DEBUG;
				SWIFT_OPTIMIZATION_LEVEL = "-Onone";
			};
			name = Debug;
		};
		FB6A50B324A1DF4B002CC782 /* Release */ = {
			isa = XCBuildConfiguration;
			buildSettings = {
				ALWAYS_SEARCH_USER_PATHS = NO;
				CLANG_ANALYZER_NONNULL = YES;
				CLANG_ANALYZER_NUMBER_OBJECT_CONVERSION = YES_AGGRESSIVE;
				CLANG_CXX_LANGUAGE_STANDARD = "gnu++14";
				CLANG_CXX_LIBRARY = "libc++";
				CLANG_ENABLE_MODULES = YES;
				CLANG_ENABLE_OBJC_ARC = YES;
				CLANG_ENABLE_OBJC_WEAK = YES;
				CLANG_WARN_BLOCK_CAPTURE_AUTORELEASING = YES;
				CLANG_WARN_BOOL_CONVERSION = YES;
				CLANG_WARN_COMMA = YES;
				CLANG_WARN_CONSTANT_CONVERSION = YES;
				CLANG_WARN_DEPRECATED_OBJC_IMPLEMENTATIONS = YES;
				CLANG_WARN_DIRECT_OBJC_ISA_USAGE = YES_ERROR;
				CLANG_WARN_DOCUMENTATION_COMMENTS = YES;
				CLANG_WARN_EMPTY_BODY = YES;
				CLANG_WARN_ENUM_CONVERSION = YES;
				CLANG_WARN_INFINITE_RECURSION = YES;
				CLANG_WARN_INT_CONVERSION = YES;
				CLANG_WARN_NON_LITERAL_NULL_CONVERSION = YES;
				CLANG_WARN_OBJC_IMPLICIT_RETAIN_SELF = YES;
				CLANG_WARN_OBJC_LITERAL_CONVERSION = YES;
				CLANG_WARN_OBJC_ROOT_CLASS = YES_ERROR;
				CLANG_WARN_RANGE_LOOP_ANALYSIS = YES;
				CLANG_WARN_STRICT_PROTOTYPES = YES;
				CLANG_WARN_SUSPICIOUS_MOVE = YES;
				CLANG_WARN_UNGUARDED_AVAILABILITY = YES_AGGRESSIVE;
				CLANG_WARN_UNREACHABLE_CODE = YES;
				CLANG_WARN__DUPLICATE_METHOD_MATCH = YES;
				COPY_PHASE_STRIP = NO;
				DEBUG_INFORMATION_FORMAT = "dwarf-with-dsym";
				ENABLE_NS_ASSERTIONS = NO;
				ENABLE_STRICT_OBJC_MSGSEND = YES;
				GCC_C_LANGUAGE_STANDARD = gnu11;
				GCC_NO_COMMON_BLOCKS = YES;
				GCC_WARN_64_TO_32_BIT_CONVERSION = YES;
				GCC_WARN_ABOUT_RETURN_TYPE = YES_ERROR;
				GCC_WARN_UNDECLARED_SELECTOR = YES;
				GCC_WARN_UNINITIALIZED_AUTOS = YES_AGGRESSIVE;
				GCC_WARN_UNUSED_FUNCTION = YES;
				GCC_WARN_UNUSED_VARIABLE = YES;
				IPHONEOS_DEPLOYMENT_TARGET = 13.2;
				MTL_ENABLE_DEBUG_INFO = NO;
				MTL_FAST_MATH = YES;
				SDKROOT = iphoneos;
				SWIFT_COMPILATION_MODE = wholemodule;
				SWIFT_OPTIMIZATION_LEVEL = "-O";
				VALIDATE_PRODUCT = YES;
			};
			name = Release;
		};
		FB6A50B524A1DF4B002CC782 /* Debug */ = {
			isa = XCBuildConfiguration;
			buildSettings = {
				ASSETCATALOG_COMPILER_APPICON_NAME = AppIcon;
				CODE_SIGN_STYLE = Automatic;
				DEVELOPMENT_TEAM = 726F7V49VC;
				INFOPLIST_FILE = Newspaper/Info.plist;
				LD_RUNPATH_SEARCH_PATHS = (
					"$(inherited)",
					"@executable_path/Frameworks",
				);
				PRODUCT_BUNDLE_IDENTIFIER = com.shubhamkulthe.Newspaper;
				PRODUCT_NAME = "$(TARGET_NAME)";
				SWIFT_VERSION = 5.0;
				TARGETED_DEVICE_FAMILY = "1,2";
			};
			name = Debug;
		};
		FB6A50B624A1DF4B002CC782 /* Release */ = {
			isa = XCBuildConfiguration;
			buildSettings = {
				ASSETCATALOG_COMPILER_APPICON_NAME = AppIcon;
				CODE_SIGN_STYLE = Automatic;
				DEVELOPMENT_TEAM = 726F7V49VC;
				INFOPLIST_FILE = Newspaper/Info.plist;
				LD_RUNPATH_SEARCH_PATHS = (
					"$(inherited)",
					"@executable_path/Frameworks",
				);
				PRODUCT_BUNDLE_IDENTIFIER = com.shubhamkulthe.Newspaper;
				PRODUCT_NAME = "$(TARGET_NAME)";
				SWIFT_VERSION = 5.0;
				TARGETED_DEVICE_FAMILY = "1,2";
			};
			name = Release;
		};
/* End XCBuildConfiguration section */

/* Begin XCConfigurationList section */
		FB6A509B24A1DF49002CC782 /* Build configuration list for PBXProject "Newspaper" */ = {
			isa = XCConfigurationList;
			buildConfigurations = (
				FB6A50B224A1DF4B002CC782 /* Debug */,
				FB6A50B324A1DF4B002CC782 /* Release */,
			);
			defaultConfigurationIsVisible = 0;
			defaultConfigurationName = Release;
		};
		FB6A50B424A1DF4B002CC782 /* Build configuration list for PBXNativeTarget "Newspaper" */ = {
			isa = XCConfigurationList;
			buildConfigurations = (
				FB6A50B524A1DF4B002CC782 /* Debug */,
				FB6A50B624A1DF4B002CC782 /* Release */,
			);
			defaultConfigurationIsVisible = 0;
			defaultConfigurationName = Release;
		};
/* End XCConfigurationList section */
	};
	rootObject = FB6A509824A1DF49002CC782 /* Project object */;
}
